
Microsoft Visual Studio Solution File, Format Version 12.00
Project("{FAE04EC0-301F-11D3-BF4B-00C04F79EFBC}") = "APBD3", "APBD3\APBD3.csproj", "{14BF54DB-EFDF-46D2-8378-34A35E72920C}"
EndProject
Global
	GlobalSection(SolutionConfigurationPlatforms) = preSolution
		Debug|Any CPU = Debug|Any CPU
		Release|Any CPU = Release|Any CPU
	EndGlobalSection
	GlobalSection(ProjectConfigurationPlatforms) = postSolution
		{14BF54DB-EFDF-46D2-8378-34A35E72920C}.Debug|Any CPU.ActiveCfg = Debug|Any CPU
		{14BF54DB-EFDF-46D2-8378-34A35E72920C}.Debug|Any CPU.Build.0 = Debug|Any CPU
		{14BF54DB-EFDF-46D2-8378-34A35E72920C}.Release|Any CPU.ActiveCfg = Release|Any CPU
		{14BF54DB-EFDF-46D2-8378-34A35E72920C}.Release|Any CPU.Build.0 = Release|Any CPU
	EndGlobalSection
EndGlobal
